
Microsoft Visual Studio Solution File, Format Version 12.00
# Visual Studio Version 16
VisualStudioVersion = 16.0.33801.447
MinimumVisualStudioVersion = 10.0.40219.1
Project("{FAE04EC0-301F-11D3-BF4B-00C04F79EFBC}") = "CNPMsevenTeen", "CNPMsevenTeen\CNPMsevenTeen.csproj", "{EC583876-970E-458B-93C6-74B674C34E72}"
EndProject
Global
	GlobalSection(SolutionConfigurationPlatforms) = preSolution
		Debug|Any CPU = Debug|Any CPU
		Release|Any CPU = Release|Any CPU
	EndGlobalSection
	GlobalSection(ProjectConfigurationPlatforms) = postSolution
		{EC583876-970E-458B-93C6-74B674C34E72}.Debug|Any CPU.ActiveCfg = Debug|Any CPU
		{EC583876-970E-458B-93C6-74B674C34E72}.Debug|Any CPU.Build.0 = Debug|Any CPU
		{EC583876-970E-458B-93C6-74B674C34E72}.Release|Any CPU.ActiveCfg = Release|Any CPU
		{EC583876-970E-458B-93C6-74B674C34E72}.Release|Any CPU.Build.0 = Release|Any CPU
	EndGlobalSection
	GlobalSection(SolutionProperties) = preSolution
		HideSolutionNode = FALSE
	EndGlobalSection
	GlobalSection(ExtensibilityGlobals) = postSolution
		SolutionGuid = {D70E2E13-C60C-47AA-B6FA-741CAA1FB4DD}
	EndGlobalSection
EndGlobal
